// !$*UTF8*$!
{
	archiveVersion = 1;
	classes = {
	};
	objectVersion = 56;
	objects = {

/* Begin PBXBuildFile section */
		106D2AFE2CF76D52009A0BC2 /* AppDelegate.swift in Sources */ = {isa = PBXBuildFile; fileRef = 106D2AFD2CF76D52009A0BC2 /* AppDelegate.swift */; };
		106D2B002CF76D52009A0BC2 /* SceneDelegate.swift in Sources */ = {isa = PBXBuildFile; fileRef = 106D2AFF2CF76D52009A0BC2 /* SceneDelegate.swift */; };
		106D2B022CF76D52009A0BC2 /* ViewController.swift in Sources */ = {isa = PBXBuildFile; fileRef = 106D2B012CF76D52009A0BC2 /* ViewController.swift */; };
		106D2B052CF76D52009A0BC2 /* Base in Resources */ = {isa = PBXBuildFile; fileRef = 106D2B042CF76D52009A0BC2 /* Base */; };
		106D2B082CF76D52009A0BC2 /* FlatApp.xcdatamodeld in Sources */ = {isa = PBXBuildFile; fileRef = 106D2B062CF76D52009A0BC2 /* FlatApp.xcdatamodeld */; };
		106D2B0A2CF76D54009A0BC2 /* Assets.xcassets in Resources */ = {isa = PBXBuildFile; fileRef = 106D2B092CF76D54009A0BC2 /* Assets.xcassets */; };
		106D2B0D2CF76D54009A0BC2 /* Base in Resources */ = {isa = PBXBuildFile; fileRef = 106D2B0C2CF76D54009A0BC2 /* Base */; };
/* End PBXBuildFile section */

/* Begin PBXFileReference section */
		106D2AFA2CF76D52009A0BC2 /* FlatApp.app */ = {isa = PBXFileReference; explicitFileType = wrapper.application; includeInIndex = 0; path = FlatApp.app; sourceTree = BUILT_PRODUCTS_DIR; };
		106D2AFD2CF76D52009A0BC2 /* AppDelegate.swift */ = {isa = PBXFileReference; lastKnownFileType = sourcecode.swift; path = AppDelegate.swift; sourceTree = "<group>"; };
		106D2AFF2CF76D52009A0BC2 /* SceneDelegate.swift */ = {isa = PBXFileReference; lastKnownFileType = sourcecode.swift; path = SceneDelegate.swift; sourceTree = "<group>"; };
		106D2B012CF76D52009A0BC2 /* ViewController.swift */ = {isa = PBXFileReference; lastKnownFileType = sourcecode.swift; path = ViewController.swift; sourceTree = "<group>"; };
		106D2B042CF76D52009A0BC2 /* Base */ = {isa = PBXFileReference; lastKnownFileType = file.storyboard; name = Base; path = Base.lproj/Main.storyboard; sourceTree = "<group>"; };
		106D2B072CF76D52009A0BC2 /* FlatApp.xcdatamodel */ = {isa = PBXFileReference; lastKnownFileType = wrapper.xcdatamodel; path = FlatApp.xcdatamodel; sourceTree = "<group>"; };
		106D2B092CF76D54009A0BC2 /* Assets.xcassets */ = {isa = PBXFileReference; lastKnownFileType = folder.assetcatalog; path = Assets.xcassets; sourceTree = "<group>"; };
		106D2B0C2CF76D54009A0BC2 /* Base */ = {isa = PBXFileReference; lastKnownFileType = file.storyboard; name = Base; path = Base.lproj/LaunchScreen.storyboard; sourceTree = "<group>"; };
		106D2B0E2CF76D54009A0BC2 /* Info.plist */ = {isa = PBXFileReference; lastKnownFileType = text.plist.xml; path = Info.plist; sourceTree = "<group>"; };
/* End PBXFileReference section */

/* Begin PBXFrameworksBuildPhase section */
		106D2AF72CF76D52009A0BC2 /* Frameworks */ = {
			isa = PBXFrameworksBuildPhase;
			buildActionMask = 2147483647;
			files = (
			);
			runOnlyForDeploymentPostprocessing = 0;
		};
/* End PBXFrameworksBuildPhase section */

/* Begin PBXGroup section */
		106D2AF12CF76D52009A0BC2 = {
			isa = PBXGroup;
			children = (
				106D2AFC2CF76D52009A0BC2 /* FlatApp */,
				106D2AFB2CF76D52009A0BC2 /* Products */,
			);
			sourceTree = "<group>";
		};
		106D2AFB2CF76D52009A0BC2 /* Products */ = {
			isa = PBXGroup;
			children = (
				106D2AFA2CF76D52009A0BC2 /* FlatApp.app */,
			);
			name = Products;
			sourceTree = "<group>";
		};
		106D2AFC2CF76D52009A0BC2 /* FlatApp */ = {
			isa = PBXGroup;
			children = (
				106D2AFD2CF76D52009A0BC2 /* AppDelegate.swift */,
				106D2AFF2CF76D52009A0BC2 /* SceneDelegate.swift */,
				106D2B012CF76D52009A0BC2 /* ViewController.swift */,
				106D2B032CF76D52009A0BC2 /* Main.storyboard */,
				106D2B092CF76D54009A0BC2 /* Assets.xcassets */,
				106D2B0B2CF76D54009A0BC2 /* LaunchScreen.storyboard */,
				106D2B0E2CF76D54009A0BC2 /* Info.plist */,
				106D2B062CF76D52009A0BC2 /* FlatApp.xcdatamodeld */,
			);
			path = FlatApp;
			sourceTree = "<group>";
		};
/* End PBXGroup section */

/* Begin PBXNativeTarget section */
		106D2AF92CF76D52009A0BC2 /* FlatApp */ = {
			isa = PBXNativeTarget;
			buildConfigurationList = 106D2B112CF76D54009A0BC2 /* Build configuration list for PBXNativeTarget "FlatApp" */;
			buildPhases = (
				106D2AF62CF76D52009A0BC2 /* Sources */,
				106D2AF72CF76D52009A0BC2 /* Frameworks */,
				106D2AF82CF76D52009A0BC2 /* Resources */,
			);
			buildRules = (
			);
			dependencies = (
			);
			name = FlatApp;
			productName = FlatApp;
			productReference = 106D2AFA2CF76D52009A0BC2 /* FlatApp.app */;
			productType = "com.apple.product-type.application";
		};
/* End PBXNativeTarget section */

/* Begin PBXProject section */
		106D2AF22CF76D52009A0BC2 /* Project object */ = {
			isa = PBXProject;
			attributes = {
				BuildIndependentTargetsInParallel = 1;
				LastSwiftUpdateCheck = 1540;
				LastUpgradeCheck = 1540;
				TargetAttributes = {
					106D2AF92CF76D52009A0BC2 = {
						CreatedOnToolsVersion = 15.4;
					};
				};
			};
			buildConfigurationList = 106D2AF52CF76D52009A0BC2 /* Build configuration list for PBXProject "FlatApp" */;
			compatibilityVersion = "Xcode 14.0";
			developmentRegion = en;
			hasScannedForEncodings = 0;
			knownRegions = (
				en,
				Base,
			);
			mainGroup = 106D2AF12CF76D52009A0BC2;
			productRefGroup = 106D2AFB2CF76D52009A0BC2 /* Products */;
			projectDirPath = "";
			projectRoot = "";
			targets = (
				106D2AF92CF76D52009A0BC2 /* FlatApp */,
			);
		};
/* End PBXProject section */

/* Begin PBXResourcesBuildPhase section */
		106D2AF82CF76D52009A0BC2 /* Resources */ = {
			isa = PBXResourcesBuildPhase;
			buildActionMask = 2147483647;
			files = (
				106D2B0A2CF76D54009A0BC2 /* Assets.xcassets in Resources */,
				106D2B0D2CF76D54009A0BC2 /* Base in Resources */,
				106D2B052CF76D52009A0BC2 /* Base in Resources */,
			);
			runOnlyForDeploymentPostprocessing = 0;
		};
/* End PBXResourcesBuildPhase section */

/* Begin PBXSourcesBuildPhase section */
		106D2AF62CF76D52009A0BC2 /* Sources */ = {
			isa = PBXSourcesBuildPhase;
			buildActionMask = 2147483647;
			files = (
				106D2B082CF76D52009A0BC2 /* FlatApp.xcdatamodeld in Sources */,
				106D2B022CF76D52009A0BC2 /* ViewController.swift in Sources */,
				106D2AFE2CF76D52009A0BC2 /* AppDelegate.swift in Sources */,
				106D2B002CF76D52009A0BC2 /* SceneDelegate.swift in Sources */,
			);
			runOnlyForDeploymentPostprocessing = 0;
		};
/* End PBXSourcesBuildPhase section */

/* Begin PBXVariantGroup section */
		106D2B032CF76D52009A0BC2 /* Main.storyboard */ = {
			isa = PBXVariantGroup;
			children = (
				106D2B042CF76D52009A0BC2 /* Base */,
			);
			name = Main.storyboard;
			sourceTree = "<group>";
		};
		106D2B0B2CF76D54009A0BC2 /* LaunchScreen.storyboard */ = {
			isa = PBXVariantGroup;
			children = (
				106D2B0C2CF76D54009A0BC2 /* Base */,
			);
			name = LaunchScreen.storyboard;
			sourceTree = "<group>";
		};
/* End PBXVariantGroup section */

/* Begin XCBuildConfiguration section */
		106D2B0F2CF76D54009A0BC2 /* Debug */ = {
			isa = XCBuildConfiguration;
			buildSettings = {
				ALWAYS_SEARCH_USER_PATHS = NO;
				ASSETCATALOG_COMPILER_GENERATE_SWIFT_ASSET_SYMBOL_EXTENSIONS = YES;
				CLANG_ANALYZER_NONNULL = YES;
				CLANG_ANALYZER_NUMBER_OBJECT_CONVERSION = YES_AGGRESSIVE;
				CLANG_CXX_LANGUAGE_STANDARD = "gnu++20";
				CLANG_ENABLE_MODULES = YES;
				CLANG_ENABLE_OBJC_ARC = YES;
				CLANG_ENABLE_OBJC_WEAK = YES;
				CLANG_WARN_BLOCK_CAPTURE_AUTORELEASING = YES;
				CLANG_WARN_BOOL_CONVERSION = YES;
				CLANG_WARN_COMMA = YES;
				CLANG_WARN_CONSTANT_CONVERSION = YES;
				CLANG_WARN_DEPRECATED_OBJC_IMPLEMENTATIONS = YES;
				CLANG_WARN_DIRECT_OBJC_ISA_USAGE = YES_ERROR;
				CLANG_WARN_DOCUMENTATION_COMMENTS = YES;
				CLANG_WARN_EMPTY_BODY = YES;
				CLANG_WARN_ENUM_CONVERSION = YES;
				CLANG_WARN_INFINITE_RECURSION = YES;
				CLANG_WARN_INT_CONVERSION = YES;
				CLANG_WARN_NON_LITERAL_NULL_CONVERSION = YES;
				CLANG_WARN_OBJC_IMPLICIT_RETAIN_SELF = YES;
				CLANG_WARN_OBJC_LITERAL_CONVERSION = YES;
				CLANG_WARN_OBJC_ROOT_CLASS = YES_ERROR;
				CLANG_WARN_QUOTED_INCLUDE_IN_FRAMEWORK_HEADER = YES;
				CLANG_WARN_RANGE_LOOP_ANALYSIS = YES;
				CLANG_WARN_STRICT_PROTOTYPES = YES;
				CLANG_WARN_SUSPICIOUS_MOVE = YES;
				CLANG_WARN_UNGUARDED_AVAILABILITY = YES_AGGRESSIVE;
				CLANG_WARN_UNREACHABLE_CODE = YES;
				CLANG_WARN__DUPLICATE_METHOD_MATCH = YES;
				COPY_PHASE_STRIP = NO;
				DEBUG_INFORMATION_FORMAT = dwarf;
				ENABLE_STRICT_OBJC_MSGSEND = YES;
				ENABLE_TESTABILITY = YES;
				ENABLE_USER_SCRIPT_SANDBOXING = YES;
				GCC_C_LANGUAGE_STANDARD = gnu17;
				GCC_DYNAMIC_NO_PIC = NO;
				GCC_NO_COMMON_BLOCKS = YES;
				GCC_OPTIMIZATION_LEVEL = 0;
				GCC_PREPROCESSOR_DEFINITIONS = (
					"DEBUG=1",
					"$(inherited)",
				);
				GCC_WARN_64_TO_32_BIT_CONVERSION = YES;
				GCC_WARN_ABOUT_RETURN_TYPE = YES_ERROR;
				GCC_WARN_UNDECLARED_SELECTOR = YES;
				GCC_WARN_UNINITIALIZED_AUTOS = YES_AGGRESSIVE;
				GCC_WARN_UNUSED_FUNCTION = YES;
				GCC_WARN_UNUSED_VARIABLE = YES;
				IPHONEOS_DEPLOYMENT_TARGET = 17.5;
				LOCALIZATION_PREFERS_STRING_CATALOGS = YES;
				MTL_ENABLE_DEBUG_INFO = INCLUDE_SOURCE;
				MTL_FAST_MATH = YES;
				ONLY_ACTIVE_ARCH = YES;
				SDKROOT = iphoneos;
				SWIFT_ACTIVE_COMPILATION_CONDITIONS = "DEBUG $(inherited)";
				SWIFT_OPTIMIZATION_LEVEL = "-Onone";
			};
			name = Debug;
		};
		106D2B102CF76D54009A0BC2 /* Release */ = {
			isa = XCBuildConfiguration;
			buildSettings = {
				ALWAYS_SEARCH_USER_PATHS = NO;
				ASSETCATALOG_COMPILER_GENERATE_SWIFT_ASSET_SYMBOL_EXTENSIONS = YES;
				CLANG_ANALYZER_NONNULL = YES;
				CLANG_ANALYZER_NUMBER_OBJECT_CONVERSION = YES_AGGRESSIVE;
				CLANG_CXX_LANGUAGE_STANDARD = "gnu++20";
				CLANG_ENABLE_MODULES = YES;
				CLANG_ENABLE_OBJC_ARC = YES;
				CLANG_ENABLE_OBJC_WEAK = YES;
				CLANG_WARN_BLOCK_CAPTURE_AUTORELEASING = YES;
				CLANG_WARN_BOOL_CONVERSION = YES;
				CLANG_WARN_COMMA = YES;
				CLANG_WARN_CONSTANT_CONVERSION = YES;
				CLANG_WARN_DEPRECATED_OBJC_IMPLEMENTATIONS = YES;
				CLANG_WARN_DIRECT_OBJC_ISA_USAGE = YES_ERROR;
				CLANG_WARN_DOCUMENTATION_COMMENTS = YES;
				CLANG_WARN_EMPTY_BODY = YES;
				CLANG_WARN_ENUM_CONVERSION = YES;
				CLANG_WARN_INFINITE_RECURSION = YES;
				CLANG_WARN_INT_CONVERSION = YES;
				CLANG_WARN_NON_LITERAL_NULL_CONVERSION = YES;
				CLANG_WARN_OBJC_IMPLICIT_RETAIN_SELF = YES;
				CLANG_WARN_OBJC_LITERAL_CONVERSION = YES;
				CLANG_WARN_OBJC_ROOT_CLASS = YES_ERROR;
				CLANG_WARN_QUOTED_INCLUDE_IN_FRAMEWORK_HEADER = YES;
				CLANG_WARN_RANGE_LOOP_ANALYSIS = YES;
				CLANG_WARN_STRICT_PROTOTYPES = YES;
				CLANG_WARN_SUSPICIOUS_MOVE = YES;
				CLANG_WARN_UNGUARDED_AVAILABILITY = YES_AGGRESSIVE;
				CLANG_WARN_UNREACHABLE_CODE = YES;
				CLANG_WARN__DUPLICATE_METHOD_MATCH = YES;
				COPY_PHASE_STRIP = NO;
				DEBUG_INFORMATION_FORMAT = "dwarf-with-dsym";
				ENABLE_NS_ASSERTIONS = NO;
				ENABLE_STRICT_OBJC_MSGSEND = YES;
				ENABLE_USER_SCRIPT_SANDBOXING = YES;
				GCC_C_LANGUAGE_STANDARD = gnu17;
				GCC_NO_COMMON_BLOCKS = YES;
				GCC_WARN_64_TO_32_BIT_CONVERSION = YES;
				GCC_WARN_ABOUT_RETURN_TYPE = YES_ERROR;
				GCC_WARN_UNDECLARED_SELECTOR = YES;
				GCC_WARN_UNINITIALIZED_AUTOS = YES_AGGRESSIVE;
				GCC_WARN_UNUSED_FUNCTION = YES;
				GCC_WARN_UNUSED_VARIABLE = YES;
				IPHONEOS_DEPLOYMENT_TARGET = 17.5;
				LOCALIZATION_PREFERS_STRING_CATALOGS = YES;
				MTL_ENABLE_DEBUG_INFO = NO;
				MTL_FAST_MATH = YES;
				SDKROOT = iphoneos;
				SWIFT_COMPILATION_MODE = wholemodule;
				VALIDATE_PRODUCT = YES;
			};
			name = Release;
		};
		106D2B122CF76D54009A0BC2 /* Debug */ = {
			isa = XCBuildConfiguration;
			buildSettings = {
				ASSETCATALOG_COMPILER_APPICON_NAME = AppIcon;
				ASSETCATALOG_COMPILER_GLOBAL_ACCENT_COLOR_NAME = AccentColor;
				CODE_SIGN_STYLE = Automatic;
				CURRENT_PROJECT_VERSION = 1;
				DEVELOPMENT_TEAM = KTV28US9SX;
				GENERATE_INFOPLIST_FILE = YES;
				INFOPLIST_FILE = FlatApp/Info.plist;
				INFOPLIST_KEY_UIApplicationSupportsIndirectInputEvents = YES;
				INFOPLIST_KEY_UILaunchStoryboardName = LaunchScreen;
				INFOPLIST_KEY_UIMainStoryboardFile = Main;
				INFOPLIST_KEY_UISupportedInterfaceOrientations_iPad = "UIInterfaceOrientationPortrait UIInterfaceOrientationPortraitUpsideDown UIInterfaceOrientationLandscapeLeft UIInterfaceOrientationLandscapeRight";
				INFOPLIST_KEY_UISupportedInterfaceOrientations_iPhone = "UIInterfaceOrientationPortrait UIInterfaceOrientationLandscapeLeft UIInterfaceOrientationLandscapeRight";
				LD_RUNPATH_SEARCH_PATHS = (
					"$(inherited)",
					"@executable_path/Frameworks",
				);
				MARKETING_VERSION = 1.0;
				PRODUCT_BUNDLE_IDENTIFIER = com.sapgv.FlatApp;
				PRODUCT_NAME = "$(TARGET_NAME)";
				SWIFT_EMIT_LOC_STRINGS = YES;
				SWIFT_VERSION = 5.0;
				TARGETED_DEVICE_FAMILY = "1,2";
			};
			name = Debug;
		};
		106D2B132CF76D54009A0BC2 /* Release */ = {
			isa = XCBuildConfiguration;
			buildSettings = {
				ASSETCATALOG_COMPILER_APPICON_NAME = AppIcon;
				ASSETCATALOG_COMPILER_GLOBAL_ACCENT_COLOR_NAME = AccentColor;
				CODE_SIGN_STYLE = Automatic;
				CURRENT_PROJECT_VERSION = 1;
				DEVELOPMENT_TEAM = KTV28US9SX;
				GENERATE_INFOPLIST_FILE = YES;
				INFOPLIST_FILE = FlatApp/Info.plist;
				INFOPLIST_KEY_UIApplicationSupportsIndirectInputEvents = YES;
				INFOPLIST_KEY_UILaunchStoryboardName = LaunchScreen;
				INFOPLIST_KEY_UIMainStoryboardFile = Main;
				INFOPLIST_KEY_UISupportedInterfaceOrientations_iPad = "UIInterfaceOrientationPortrait UIInterfaceOrientationPortraitUpsideDown UIInterfaceOrientationLandscapeLeft UIInterfaceOrientationLandscapeRight";
				INFOPLIST_KEY_UISupportedInterfaceOrientations_iPhone = "UIInterfaceOrientationPortrait UIInterfaceOrientationLandscapeLeft UIInterfaceOrientationLandscapeRight";
				LD_RUNPATH_SEARCH_PATHS = (
					"$(inherited)",
					"@executable_path/Frameworks",
				);
				MARKETING_VERSION = 1.0;
				PRODUCT_BUNDLE_IDENTIFIER = com.sapgv.FlatApp;
				PRODUCT_NAME = "$(TARGET_NAME)";
				SWIFT_EMIT_LOC_STRINGS = YES;
				SWIFT_VERSION = 5.0;
				TARGETED_DEVICE_FAMILY = "1,2";
			};
			name = Release;
		};
/* End XCBuildConfiguration section */

/* Begin XCConfigurationList section */
		106D2AF52CF76D52009A0BC2 /* Build configuration list for PBXProject "FlatApp" */ = {
			isa = XCConfigurationList;
			buildConfigurations = (
				106D2B0F2CF76D54009A0BC2 /* Debug */,
				106D2B102CF76D54009A0BC2 /* Release */,
			);
			defaultConfigurationIsVisible = 0;
			defaultConfigurationName = Release;
		};
		106D2B112CF76D54009A0BC2 /* Build configuration list for PBXNativeTarget "FlatApp" */ = {
			isa = XCConfigurationList;
			buildConfigurations = (
				106D2B122CF76D54009A0BC2 /* Debug */,
				106D2B132CF76D54009A0BC2 /* Release */,
			);
			defaultConfigurationIsVisible = 0;
			defaultConfigurationName = Release;
		};
/* End XCConfigurationList section */

/* Begin XCVersionGroup section */
		106D2B062CF76D52009A0BC2 /* FlatApp.xcdatamodeld */ = {
			isa = XCVersionGroup;
			children = (
				106D2B072CF76D52009A0BC2 /* FlatApp.xcdatamodel */,
			);
			currentVersion = 106D2B072CF76D52009A0BC2 /* FlatApp.xcdatamodel */;
			path = FlatApp.xcdatamodeld;
			sourceTree = "<group>";
			versionGroupType = wrapper.xcdatamodel;
		};
/* End XCVersionGroup section */
	};
	rootObject = 106D2AF22CF76D52009A0BC2 /* Project object */;
}
